// !$*UTF8*$!
{
	archiveVersion = 1;
	classes = {
	};
	objectVersion = 46;
	objects = {

/* Begin PBXBuildFile section */
		A856606119DA0B17007F4883 /* main.cpp in Sources */ = {isa = PBXBuildFile; fileRef = A856606019DA0B17007F4883 /* main.cpp */; };
/* End PBXBuildFile section */

/* Begin PBXCopyFilesBuildPhase section */
		A856605B19DA0B17007F4883 /* CopyFiles */ = {
			isa = PBXCopyFilesBuildPhase;
			buildActionMask = 2147483647;
			dstPath = /usr/share/man/man1/;
			dstSubfolderSpec = 0;
			files = (
			);
			runOnlyForDeploymentPostprocessing = 1;
		};
/* End PBXCopyFilesBuildPhase section */

/* Begin PBXFileReference section */
		A856605D19DA0B17007F4883 /* OpenGL_Bouncing_Ball */ = {isa = PBXFileReference; explicitFileType = "compiled.mach-o.executable"; includeInIndex = 0; path = OpenGL_Bouncing_Ball; sourceTree = BUILT_PRODUCTS_DIR; };
		A856606019DA0B17007F4883 /* main.cpp */ = {isa = PBXFileReference; lastKnownFileType = sourcecode.cpp.cpp; path = main.cpp; sourceTree = "<group>"; };
/* End PBXFileReference section */

/* Begin PBXFrameworksBuildPhase section */
		A856605A19DA0B17007F4883 /* Frameworks */ = {
			isa = PBXFrameworksBuildPhase;
			buildActionMask = 2147483647;
			files = (
			);
			runOnlyForDeploymentPostprocessing = 0;
		};
/* End PBXFrameworksBuildPhase section */

/* Begin PBXGroup section */
		A856605419DA0B17007F4883 = {
			isa = PBXGroup;
			children = (
				A856605F19DA0B17007F4883 /* OpenGL_Bouncing_Ball */,
				A856605E19DA0B17007F4883 /* Products */,
			);
			sourceTree = "<group>";
		};
		A856605E19DA0B17007F4883 /* Products */ = {
			isa = PBXGroup;
			children = (
				A856605D19DA0B17007F4883 /* OpenGL_Bouncing_Ball */,
			);
			name = Products;
			sourceTree = "<group>";
		};
		A856605F19DA0B17007F4883 /* OpenGL_Bouncing_Ball */ = {
			isa = PBXGroup;
			children = (
				A856606019DA0B17007F4883 /* main.cpp */,
			);
			path = OpenGL_Bouncing_Ball;
			sourceTree = "<group>";
		};
/* End PBXGroup section */

/* Begin PBXNativeTarget section */
		A856605C19DA0B17007F4883 /* OpenGL_Bouncing_Ball */ = {
			isa = PBXNativeTarget;
			buildConfigurationList = A856606419DA0B17007F4883 /* Build configuration list for PBXNativeTarget "OpenGL_Bouncing_Ball" */;
			buildPhases = (
				A856605919DA0B17007F4883 /* Sources */,
				A856605A19DA0B17007F4883 /* Frameworks */,
				A856605B19DA0B17007F4883 /* CopyFiles */,
			);
			buildRules = (
			);
			dependencies = (
			);
			name = OpenGL_Bouncing_Ball;
			productName = OpenGL_Bouncing_Ball;
			productReference = A856605D19DA0B17007F4883 /* OpenGL_Bouncing_Ball */;
			productType = "com.apple.product-type.tool";
		};
/* End PBXNativeTarget section */

/* Begin PBXProject section */
		A856605519DA0B17007F4883 /* Project object */ = {
			isa = PBXProject;
			attributes = {
				LastUpgradeCheck = 0600;
				ORGANIZATIONNAME = "R&B";
				TargetAttributes = {
					A856605C19DA0B17007F4883 = {
						CreatedOnToolsVersion = 6.0;
					};
				};
			};
			buildConfigurationList = A856605819DA0B17007F4883 /* Build configuration list for PBXProject "OpenGL_Bouncing_Ball" */;
			compatibilityVersion = "Xcode 3.2";
			developmentRegion = English;
			hasScannedForEncodings = 0;
			knownRegions = (
				en,
			);
			mainGroup = A856605419DA0B17007F4883;
			productRefGroup = A856605E19DA0B17007F4883 /* Products */;
			projectDirPath = "";
			projectRoot = "";
			targets = (
				A856605C19DA0B17007F4883 /* OpenGL_Bouncing_Ball */,
			);
		};
/* End PBXProject section */

/* Begin PBXSourcesBuildPhase section */
		A856605919DA0B17007F4883 /* Sources */ = {
			isa = PBXSourcesBuildPhase;
			buildActionMask = 2147483647;
			files = (
				A856606119DA0B17007F4883 /* main.cpp in Sources */,
			);
			runOnlyForDeploymentPostprocessing = 0;
		};
/* End PBXSourcesBuildPhase section */

/* Begin XCBuildConfiguration section */
		A856606219DA0B17007F4883 /* Debug */ = {
			isa = XCBuildConfiguration;
			buildSettings = {
				ALWAYS_SEARCH_USER_PATHS = NO;
				CLANG_CXX_LANGUAGE_STANDARD = "gnu++0x";
				CLANG_CXX_LIBRARY = "libc++";
				CLANG_ENABLE_MODULES = YES;
				CLANG_ENABLE_OBJC_ARC = YES;
				CLANG_WARN_BOOL_CONVERSION = YES;
				CLANG_WARN_CONSTANT_CONVERSION = YES;
				CLANG_WARN_DIRECT_OBJC_ISA_USAGE = YES_ERROR;
				CLANG_WARN_EMPTY_BODY = YES;
				CLANG_WARN_ENUM_CONVERSION = YES;
				CLANG_WARN_INT_CONVERSION = YES;
				CLANG_WARN_OBJC_ROOT_CLASS = YES_ERROR;
				CLANG_WARN_UNREACHABLE_CODE = YES;
				CLANG_WARN__DUPLICATE_METHOD_MATCH = YES;
				COPY_PHASE_STRIP = NO;
				ENABLE_STRICT_OBJC_MSGSEND = YES;
				GCC_C_LANGUAGE_STANDARD = gnu99;
				GCC_DYNAMIC_NO_PIC = NO;
				GCC_OPTIMIZATION_LEVEL = 0;
				GCC_PREPROCESSOR_DEFINITIONS = (
					"DEBUG=1",
					"$(inherited)",
				);
				GCC_SYMBOLS_PRIVATE_EXTERN = NO;
				GCC_WARN_64_TO_32_BIT_CONVERSION = YES;
				GCC_WARN_ABOUT_RETURN_TYPE = YES_ERROR;
				GCC_WARN_UNDECLARED_SELECTOR = YES;
				GCC_WARN_UNINITIALIZED_AUTOS = YES_AGGRESSIVE;
				GCC_WARN_UNUSED_FUNCTION = YES;
				GCC_WARN_UNUSED_VARIABLE = YES;
				MACOSX_DEPLOYMENT_TARGET = 10.10;
				MTL_ENABLE_DEBUG_INFO = YES;
				ONLY_ACTIVE_ARCH = YES;
				SDKROOT = macosx;
			};
			name = Debug;
		};
		A856606319DA0B17007F4883 /* Release */ = {
			isa = XCBuildConfiguration;
			buildSettings = {
				ALWAYS_SEARCH_USER_PATHS = NO;
				CLANG_CXX_LANGUAGE_STANDARD = "gnu++0x";
				CLANG_CXX_LIBRARY = "libc++";
				CLANG_ENABLE_MODULES = YES;
				CLANG_ENABLE_OBJC_ARC = YES;
				CLANG_WARN_BOOL_CONVERSION = YES;
				CLANG_WARN_CONSTANT_CONVERSION = YES;
				CLANG_WARN_DIRECT_OBJC_ISA_USAGE = YES_ERROR;
				CLANG_WARN_EMPTY_BODY = YES;
				CLANG_WARN_ENUM_CONVERSION = YES;
				CLANG_WARN_INT_CONVERSION = YES;
				CLANG_WARN_OBJC_ROOT_CLASS = YES_ERROR;
				CLANG_WARN_UNREACHABLE_CODE = YES;
				CLANG_WARN__DUPLICATE_METHOD_MATCH = YES;
				COPY_PHASE_STRIP = YES;
				DEBUG_INFORMATION_FORMAT = "dwarf-with-dsym";
				ENABLE_NS_ASSERTIONS = NO;
				ENABLE_STRICT_OBJC_MSGSEND = YES;
				GCC_C_LANGUAGE_STANDARD = gnu99;
				GCC_WARN_64_TO_32_BIT_CONVERSION = YES;
				GCC_WARN_ABOUT_RETURN_TYPE = YES_ERROR;
				GCC_WARN_UNDECLARED_SELECTOR = YES;
				GCC_WARN_UNINITIALIZED_AUTOS = YES_AGGRESSIVE;
				GCC_WARN_UNUSED_FUNCTION = YES;
				GCC_WARN_UNUSED_VARIABLE = YES;
				MACOSX_DEPLOYMENT_TARGET = 10.10;
				MTL_ENABLE_DEBUG_INFO = NO;
				SDKROOT = macosx;
			};
			name = Release;
		};
		A856606519DA0B17007F4883 /* Debug */ = {
			isa = XCBuildConfiguration;
			buildSettings = {
				PRODUCT_NAME = "$(TARGET_NAME)";
			};
			name = Debug;
		};
		A856606619DA0B17007F4883 /* Release */ = {
			isa = XCBuildConfiguration;
			buildSettings = {
				PRODUCT_NAME = "$(TARGET_NAME)";
			};
			name = Release;
		};
/* End XCBuildConfiguration section */

/* Begin XCConfigurationList section */
		A856605819DA0B17007F4883 /* Build configuration list for PBXProject "OpenGL_Bouncing_Ball" */ = {
			isa = XCConfigurationList;
			buildConfigurations = (
				A856606219DA0B17007F4883 /* Debug */,
				A856606319DA0B17007F4883 /* Release */,
			);
			defaultConfigurationIsVisible = 0;
			defaultConfigurationName = Release;
		};
		A856606419DA0B17007F4883 /* Build configuration list for PBXNativeTarget "OpenGL_Bouncing_Ball" */ = {
			isa = XCConfigurationList;
			buildConfigurations = (
				A856606519DA0B17007F4883 /* Debug */,
				A856606619DA0B17007F4883 /* Release */,
			);
			defaultConfigurationIsVisible = 0;
		};
/* End XCConfigurationList section */
	};
	rootObject = A856605519DA0B17007F4883 /* Project object */;
}
